
Microsoft Visual Studio Solution File, Format Version 12.00
# Visual Studio 2012
Project("{FAE04EC0-301F-11D3-BF4B-00C04F79EFBC}") = "DeathClock2.Droid", "DeathClock2.Droid\DeathClock2.Droid.csproj", "{3939FB7E-E85E-4C76-BC69-F0B55EAB4A29}"
EndProject
Project("{FAE04EC0-301F-11D3-BF4B-00C04F79EFBC}") = "DeathClock.PCL", "..\DeathClock\DeathClock.PCL\DeathClock.PCL.csproj", "{1C4B5A28-9AE3-4993-ADC5-72A980808348}"
EndProject
Global
	GlobalSection(SolutionConfigurationPlatforms) = preSolution
		Debug|Any CPU = Debug|Any CPU
		Release|Any CPU = Release|Any CPU
	EndGlobalSection
	GlobalSection(ProjectConfigurationPlatforms) = postSolution
		{1C4B5A28-9AE3-4993-ADC5-72A980808348}.Debug|Any CPU.ActiveCfg = Debug|Any CPU
		{1C4B5A28-9AE3-4993-ADC5-72A980808348}.Debug|Any CPU.Build.0 = Debug|Any CPU
		{1C4B5A28-9AE3-4993-ADC5-72A980808348}.Release|Any CPU.ActiveCfg = Release|Any CPU
		{1C4B5A28-9AE3-4993-ADC5-72A980808348}.Release|Any CPU.Build.0 = Release|Any CPU
		{3939FB7E-E85E-4C76-BC69-F0B55EAB4A29}.Debug|Any CPU.ActiveCfg = Debug|Any CPU
		{3939FB7E-E85E-4C76-BC69-F0B55EAB4A29}.Debug|Any CPU.Build.0 = Debug|Any CPU
		{3939FB7E-E85E-4C76-BC69-F0B55EAB4A29}.Release|Any CPU.ActiveCfg = Release|Any CPU
		{3939FB7E-E85E-4C76-BC69-F0B55EAB4A29}.Release|Any CPU.Build.0 = Release|Any CPU
	EndGlobalSection
EndGlobal
