
Microsoft Visual Studio Solution File, Format Version 12.00
# Visual Studio 2012
Project("{FAE04EC0-301F-11D3-BF4B-00C04F79EFBC}") = "SaveData.UI", "SaveData.UI\SaveData.UI.csproj", "{26E6900D-4D85-4FCD-A3C6-2DA2C5B1F718}"
EndProject
Global
	GlobalSection(SolutionConfigurationPlatforms) = preSolution
		Debug|iPhoneSimulator = Debug|iPhoneSimulator
		Release|iPhoneSimulator = Release|iPhoneSimulator
		Debug|iPhone = Debug|iPhone
		Release|iPhone = Release|iPhone
		Ad-Hoc|iPhone = Ad-Hoc|iPhone
		AppStore|iPhone = AppStore|iPhone
	EndGlobalSection
	GlobalSection(ProjectConfigurationPlatforms) = postSolution
		{26E6900D-4D85-4FCD-A3C6-2DA2C5B1F718}.Ad-Hoc|iPhone.ActiveCfg = Ad-Hoc|iPhone
		{26E6900D-4D85-4FCD-A3C6-2DA2C5B1F718}.Ad-Hoc|iPhone.Build.0 = Ad-Hoc|iPhone
		{26E6900D-4D85-4FCD-A3C6-2DA2C5B1F718}.AppStore|iPhone.ActiveCfg = AppStore|iPhone
		{26E6900D-4D85-4FCD-A3C6-2DA2C5B1F718}.AppStore|iPhone.Build.0 = AppStore|iPhone
		{26E6900D-4D85-4FCD-A3C6-2DA2C5B1F718}.Debug|iPhone.ActiveCfg = Debug|iPhone
		{26E6900D-4D85-4FCD-A3C6-2DA2C5B1F718}.Debug|iPhone.Build.0 = Debug|iPhone
		{26E6900D-4D85-4FCD-A3C6-2DA2C5B1F718}.Debug|iPhoneSimulator.ActiveCfg = Debug|iPhoneSimulator
		{26E6900D-4D85-4FCD-A3C6-2DA2C5B1F718}.Debug|iPhoneSimulator.Build.0 = Debug|iPhoneSimulator
		{26E6900D-4D85-4FCD-A3C6-2DA2C5B1F718}.Release|iPhone.ActiveCfg = Release|iPhone
		{26E6900D-4D85-4FCD-A3C6-2DA2C5B1F718}.Release|iPhone.Build.0 = Release|iPhone
		{26E6900D-4D85-4FCD-A3C6-2DA2C5B1F718}.Release|iPhoneSimulator.ActiveCfg = Release|iPhoneSimulator
		{26E6900D-4D85-4FCD-A3C6-2DA2C5B1F718}.Release|iPhoneSimulator.Build.0 = Release|iPhoneSimulator
	EndGlobalSection
EndGlobal
