
Microsoft Visual Studio Solution File, Format Version 12.00
# Visual Studio 2012
Project("{FAE04EC0-301F-11D3-BF4B-00C04F79EFBC}") = "TabDemo.UI", "TabDemo.UI\TabDemo.UI.csproj", "{CE402EE0-7652-48D6-8174-AFBDC21D3E68}"
EndProject
Global
	GlobalSection(SolutionConfigurationPlatforms) = preSolution
		Debug|iPhoneSimulator = Debug|iPhoneSimulator
		Release|iPhoneSimulator = Release|iPhoneSimulator
		Debug|iPhone = Debug|iPhone
		Release|iPhone = Release|iPhone
		Ad-Hoc|iPhone = Ad-Hoc|iPhone
		AppStore|iPhone = AppStore|iPhone
	EndGlobalSection
	GlobalSection(ProjectConfigurationPlatforms) = postSolution
		{CE402EE0-7652-48D6-8174-AFBDC21D3E68}.Ad-Hoc|iPhone.ActiveCfg = Ad-Hoc|iPhone
		{CE402EE0-7652-48D6-8174-AFBDC21D3E68}.Ad-Hoc|iPhone.Build.0 = Ad-Hoc|iPhone
		{CE402EE0-7652-48D6-8174-AFBDC21D3E68}.AppStore|iPhone.ActiveCfg = AppStore|iPhone
		{CE402EE0-7652-48D6-8174-AFBDC21D3E68}.AppStore|iPhone.Build.0 = AppStore|iPhone
		{CE402EE0-7652-48D6-8174-AFBDC21D3E68}.Debug|iPhone.ActiveCfg = Debug|iPhone
		{CE402EE0-7652-48D6-8174-AFBDC21D3E68}.Debug|iPhone.Build.0 = Debug|iPhone
		{CE402EE0-7652-48D6-8174-AFBDC21D3E68}.Debug|iPhoneSimulator.ActiveCfg = Debug|iPhoneSimulator
		{CE402EE0-7652-48D6-8174-AFBDC21D3E68}.Debug|iPhoneSimulator.Build.0 = Debug|iPhoneSimulator
		{CE402EE0-7652-48D6-8174-AFBDC21D3E68}.Release|iPhone.ActiveCfg = Release|iPhone
		{CE402EE0-7652-48D6-8174-AFBDC21D3E68}.Release|iPhone.Build.0 = Release|iPhone
		{CE402EE0-7652-48D6-8174-AFBDC21D3E68}.Release|iPhoneSimulator.ActiveCfg = Release|iPhoneSimulator
		{CE402EE0-7652-48D6-8174-AFBDC21D3E68}.Release|iPhoneSimulator.Build.0 = Release|iPhoneSimulator
	EndGlobalSection
EndGlobal
