
Microsoft Visual Studio Solution File, Format Version 12.00
# Visual Studio 2012
Project("{FAE04EC0-301F-11D3-BF4B-00C04F79EFBC}") = "TempConverterPro.Droid", "TempConverterPro.Droid\TempConverterPro.Droid.csproj", "{ECADF5C3-350E-46B6-BFBA-2053C1261208}"
EndProject
Project("{FAE04EC0-301F-11D3-BF4B-00C04F79EFBC}") = "TempConverterPro.PCL", "TempConverterPro.PCL\TempConverterPro.PCL.csproj", "{74CF1189-FC6F-45E6-B48A-6ED0B824AE6D}"
EndProject
Global
	GlobalSection(SolutionConfigurationPlatforms) = preSolution
		Debug|Any CPU = Debug|Any CPU
		Release|Any CPU = Release|Any CPU
	EndGlobalSection
	GlobalSection(ProjectConfigurationPlatforms) = postSolution
		{74CF1189-FC6F-45E6-B48A-6ED0B824AE6D}.Debug|Any CPU.ActiveCfg = Debug|Any CPU
		{74CF1189-FC6F-45E6-B48A-6ED0B824AE6D}.Debug|Any CPU.Build.0 = Debug|Any CPU
		{74CF1189-FC6F-45E6-B48A-6ED0B824AE6D}.Release|Any CPU.ActiveCfg = Release|Any CPU
		{74CF1189-FC6F-45E6-B48A-6ED0B824AE6D}.Release|Any CPU.Build.0 = Release|Any CPU
		{ECADF5C3-350E-46B6-BFBA-2053C1261208}.Debug|Any CPU.ActiveCfg = Debug|Any CPU
		{ECADF5C3-350E-46B6-BFBA-2053C1261208}.Debug|Any CPU.Build.0 = Debug|Any CPU
		{ECADF5C3-350E-46B6-BFBA-2053C1261208}.Release|Any CPU.ActiveCfg = Release|Any CPU
		{ECADF5C3-350E-46B6-BFBA-2053C1261208}.Release|Any CPU.Build.0 = Release|Any CPU
	EndGlobalSection
EndGlobal
