
Microsoft Visual Studio Solution File, Format Version 12.00
# Visual Studio 2012
Project("{FAE04EC0-301F-11D3-BF4B-00C04F79EFBC}") = "WorkingWithFiles", "WorkingWithFiles\WorkingWithFiles.csproj", "{A8777923-AAD7-4A76-B30A-CBF57BA4771F}"
EndProject
Project("{FAE04EC0-301F-11D3-BF4B-00C04F79EFBC}") = "WorkingWithFiles.Droid", "Droid\WorkingWithFiles.Droid.csproj", "{83897B17-5643-4ECF-ADEB-7CF0E946C8AA}"
EndProject
Global
	GlobalSection(SolutionConfigurationPlatforms) = preSolution
		Debug|Any CPU = Debug|Any CPU
		Release|Any CPU = Release|Any CPU
	EndGlobalSection
	GlobalSection(ProjectConfigurationPlatforms) = postSolution
		{83897B17-5643-4ECF-ADEB-7CF0E946C8AA}.Debug|Any CPU.ActiveCfg = Debug|Any CPU
		{83897B17-5643-4ECF-ADEB-7CF0E946C8AA}.Debug|Any CPU.Build.0 = Debug|Any CPU
		{83897B17-5643-4ECF-ADEB-7CF0E946C8AA}.Release|Any CPU.ActiveCfg = Release|Any CPU
		{83897B17-5643-4ECF-ADEB-7CF0E946C8AA}.Release|Any CPU.Build.0 = Release|Any CPU
		{A8777923-AAD7-4A76-B30A-CBF57BA4771F}.Debug|Any CPU.ActiveCfg = Debug|Any CPU
		{A8777923-AAD7-4A76-B30A-CBF57BA4771F}.Debug|Any CPU.Build.0 = Debug|Any CPU
		{A8777923-AAD7-4A76-B30A-CBF57BA4771F}.Release|Any CPU.ActiveCfg = Release|Any CPU
		{A8777923-AAD7-4A76-B30A-CBF57BA4771F}.Release|Any CPU.Build.0 = Release|Any CPU
	EndGlobalSection
EndGlobal
